
Microsoft Visual Studio Solution File, Format Version 12.00
# Visual Studio Version 17
VisualStudioVersion = 17.14.36623.8 d17.14
MinimumVisualStudioVersion = 10.0.40219.1
Project("{11A8DD76-328B-46DF-9F39-F559912D0360}") = "hejsa", "hejsa\hejsa.nfproj", "{345745E5-C9BF-45EE-82B0-B331471FFE40}"
EndProject
Project("{11A8DD76-328B-46DF-9F39-F559912D0360}") = "Blink1", "Blink1\Blink1.nfproj", "{65C6127C-C01B-41BD-8C8C-FF6CB52A8897}"
EndProject
Project("{11A8DD76-328B-46DF-9F39-F559912D0360}") = "Blink2_pin18", "Blink2_pin18\Blink2_pin18.nfproj", "{FC63B981-2B38-4138-8B00-C39BA288BF00}"
EndProject
Project("{11A8DD76-328B-46DF-9F39-F559912D0360}") = "Blink_millis", "Blink_millis\Blink_millis.nfproj", "{C7D1A39C-E039-48DA-A1C7-4D1C804C1142}"
EndProject
Project("{11A8DD76-328B-46DF-9F39-F559912D0360}") = "Blink_TimerEvent", "Blink_TimerEvent\Blink_TimerEvent.nfproj", "{A08C9D28-BAA8-46AA-81B1-CE0C54242CE9}"
EndProject
Project("{11A8DD76-328B-46DF-9F39-F559912D0360}") = "Button_gpio", "Button_gpio\Button_gpio.nfproj", "{0517015D-B119-44A1-8D22-CD96FE601859}"
EndProject
Project("{11A8DD76-328B-46DF-9F39-F559912D0360}") = "Blink2_pin18_19", "Blink2_pin18_19\Blink2_pin18_19.nfproj", "{6EB769F3-D21A-4CD3-B8E9-D10CD13F2B5B}"
EndProject
Project("{11A8DD76-328B-46DF-9F39-F559912D0360}") = "Button_gpio_pulldown", "Button_gpio_pulldown\Button_gpio_pulldown.nfproj", "{1D6914D8-AA3A-4805-ADEE-883EB945E880}"
EndProject
Global
	GlobalSection(SolutionConfigurationPlatforms) = preSolution
		Debug|Any CPU = Debug|Any CPU
		Release|Any CPU = Release|Any CPU
	EndGlobalSection
	GlobalSection(ProjectConfigurationPlatforms) = postSolution
		{345745E5-C9BF-45EE-82B0-B331471FFE40}.Debug|Any CPU.ActiveCfg = Debug|Any CPU
		{345745E5-C9BF-45EE-82B0-B331471FFE40}.Debug|Any CPU.Build.0 = Debug|Any CPU
		{345745E5-C9BF-45EE-82B0-B331471FFE40}.Debug|Any CPU.Deploy.0 = Debug|Any CPU
		{345745E5-C9BF-45EE-82B0-B331471FFE40}.Release|Any CPU.ActiveCfg = Release|Any CPU
		{345745E5-C9BF-45EE-82B0-B331471FFE40}.Release|Any CPU.Build.0 = Release|Any CPU
		{345745E5-C9BF-45EE-82B0-B331471FFE40}.Release|Any CPU.Deploy.0 = Release|Any CPU
		{65C6127C-C01B-41BD-8C8C-FF6CB52A8897}.Debug|Any CPU.ActiveCfg = Debug|Any CPU
		{65C6127C-C01B-41BD-8C8C-FF6CB52A8897}.Debug|Any CPU.Build.0 = Debug|Any CPU
		{65C6127C-C01B-41BD-8C8C-FF6CB52A8897}.Debug|Any CPU.Deploy.0 = Debug|Any CPU
		{65C6127C-C01B-41BD-8C8C-FF6CB52A8897}.Release|Any CPU.ActiveCfg = Release|Any CPU
		{65C6127C-C01B-41BD-8C8C-FF6CB52A8897}.Release|Any CPU.Build.0 = Release|Any CPU
		{65C6127C-C01B-41BD-8C8C-FF6CB52A8897}.Release|Any CPU.Deploy.0 = Release|Any CPU
		{FC63B981-2B38-4138-8B00-C39BA288BF00}.Debug|Any CPU.ActiveCfg = Debug|Any CPU
		{FC63B981-2B38-4138-8B00-C39BA288BF00}.Debug|Any CPU.Build.0 = Debug|Any CPU
		{FC63B981-2B38-4138-8B00-C39BA288BF00}.Debug|Any CPU.Deploy.0 = Debug|Any CPU
		{FC63B981-2B38-4138-8B00-C39BA288BF00}.Release|Any CPU.ActiveCfg = Release|Any CPU
		{FC63B981-2B38-4138-8B00-C39BA288BF00}.Release|Any CPU.Build.0 = Release|Any CPU
		{FC63B981-2B38-4138-8B00-C39BA288BF00}.Release|Any CPU.Deploy.0 = Release|Any CPU
		{C7D1A39C-E039-48DA-A1C7-4D1C804C1142}.Debug|Any CPU.ActiveCfg = Debug|Any CPU
		{C7D1A39C-E039-48DA-A1C7-4D1C804C1142}.Debug|Any CPU.Build.0 = Debug|Any CPU
		{C7D1A39C-E039-48DA-A1C7-4D1C804C1142}.Debug|Any CPU.Deploy.0 = Debug|Any CPU
		{C7D1A39C-E039-48DA-A1C7-4D1C804C1142}.Release|Any CPU.ActiveCfg = Release|Any CPU
		{C7D1A39C-E039-48DA-A1C7-4D1C804C1142}.Release|Any CPU.Build.0 = Release|Any CPU
		{C7D1A39C-E039-48DA-A1C7-4D1C804C1142}.Release|Any CPU.Deploy.0 = Release|Any CPU
		{A08C9D28-BAA8-46AA-81B1-CE0C54242CE9}.Debug|Any CPU.ActiveCfg = Debug|Any CPU
		{A08C9D28-BAA8-46AA-81B1-CE0C54242CE9}.Debug|Any CPU.Build.0 = Debug|Any CPU
		{A08C9D28-BAA8-46AA-81B1-CE0C54242CE9}.Debug|Any CPU.Deploy.0 = Debug|Any CPU
		{A08C9D28-BAA8-46AA-81B1-CE0C54242CE9}.Release|Any CPU.ActiveCfg = Release|Any CPU
		{A08C9D28-BAA8-46AA-81B1-CE0C54242CE9}.Release|Any CPU.Build.0 = Release|Any CPU
		{A08C9D28-BAA8-46AA-81B1-CE0C54242CE9}.Release|Any CPU.Deploy.0 = Release|Any CPU
		{0517015D-B119-44A1-8D22-CD96FE601859}.Debug|Any CPU.ActiveCfg = Debug|Any CPU
		{0517015D-B119-44A1-8D22-CD96FE601859}.Debug|Any CPU.Build.0 = Debug|Any CPU
		{0517015D-B119-44A1-8D22-CD96FE601859}.Debug|Any CPU.Deploy.0 = Debug|Any CPU
		{0517015D-B119-44A1-8D22-CD96FE601859}.Release|Any CPU.ActiveCfg = Release|Any CPU
		{0517015D-B119-44A1-8D22-CD96FE601859}.Release|Any CPU.Build.0 = Release|Any CPU
		{0517015D-B119-44A1-8D22-CD96FE601859}.Release|Any CPU.Deploy.0 = Release|Any CPU
		{6EB769F3-D21A-4CD3-B8E9-D10CD13F2B5B}.Debug|Any CPU.ActiveCfg = Debug|Any CPU
		{6EB769F3-D21A-4CD3-B8E9-D10CD13F2B5B}.Debug|Any CPU.Build.0 = Debug|Any CPU
		{6EB769F3-D21A-4CD3-B8E9-D10CD13F2B5B}.Debug|Any CPU.Deploy.0 = Debug|Any CPU
		{6EB769F3-D21A-4CD3-B8E9-D10CD13F2B5B}.Release|Any CPU.ActiveCfg = Release|Any CPU
		{6EB769F3-D21A-4CD3-B8E9-D10CD13F2B5B}.Release|Any CPU.Build.0 = Release|Any CPU
		{6EB769F3-D21A-4CD3-B8E9-D10CD13F2B5B}.Release|Any CPU.Deploy.0 = Release|Any CPU
		{1D6914D8-AA3A-4805-ADEE-883EB945E880}.Debug|Any CPU.ActiveCfg = Debug|Any CPU
		{1D6914D8-AA3A-4805-ADEE-883EB945E880}.Debug|Any CPU.Build.0 = Debug|Any CPU
		{1D6914D8-AA3A-4805-ADEE-883EB945E880}.Debug|Any CPU.Deploy.0 = Debug|Any CPU
		{1D6914D8-AA3A-4805-ADEE-883EB945E880}.Release|Any CPU.ActiveCfg = Release|Any CPU
		{1D6914D8-AA3A-4805-ADEE-883EB945E880}.Release|Any CPU.Build.0 = Release|Any CPU
		{1D6914D8-AA3A-4805-ADEE-883EB945E880}.Release|Any CPU.Deploy.0 = Release|Any CPU
	EndGlobalSection
	GlobalSection(SolutionProperties) = preSolution
		HideSolutionNode = FALSE
	EndGlobalSection
	GlobalSection(ExtensibilityGlobals) = postSolution
		SolutionGuid = {83B52011-C025-455B-84BC-C4580957AA29}
	EndGlobalSection
EndGlobal
